
Microsoft Visual Studio Solution File, Format Version 12.00
# Visual Studio Version 18
VisualStudioVersion = 18.1.11312.151 d18.0
MinimumVisualStudioVersion = 10.0.40219.1
Project("{FAE04EC0-301F-11D3-BF4B-00C04F79EFBC}") = "XtermBlazor.Demo.Server", "XtermBlazor.Demo.Server\XtermBlazor.Demo.Server.csproj", "{283184F8-571B-C111-C84B-7A0704097417}"
EndProject
Global
	GlobalSection(SolutionConfigurationPlatforms) = preSolution
		Debug|Any CPU = Debug|Any CPU
		Release|Any CPU = Release|Any CPU
	EndGlobalSection
	GlobalSection(ProjectConfigurationPlatforms) = postSolution
		{283184F8-571B-C111-C84B-7A0704097417}.Debug|Any CPU.ActiveCfg = Debug|Any CPU
		{283184F8-571B-C111-C84B-7A0704097417}.Debug|Any CPU.Build.0 = Debug|Any CPU
		{283184F8-571B-C111-C84B-7A0704097417}.Release|Any CPU.ActiveCfg = Release|Any CPU
		{283184F8-571B-C111-C84B-7A0704097417}.Release|Any CPU.Build.0 = Release|Any CPU
	EndGlobalSection
	GlobalSection(SolutionProperties) = preSolution
		HideSolutionNode = FALSE
	EndGlobalSection
	GlobalSection(ExtensibilityGlobals) = postSolution
		SolutionGuid = {C00A222E-85C2-4A0B-85BD-F242C9E5CFC3}
	EndGlobalSection
EndGlobal
